// !$*UTF8*$!
{
	archiveVersion = 1;
	classes = {
	};
	objectVersion = 55;
	objects = {

/* Begin PBXBuildFile section */
		AD6503612740573B0001AA83 /* AppDelegate.swift in Sources */ = {isa = PBXBuildFile; fileRef = AD6503602740573B0001AA83 /* AppDelegate.swift */; };
		AD6503632740573B0001AA83 /* SceneDelegate.swift in Sources */ = {isa = PBXBuildFile; fileRef = AD6503622740573B0001AA83 /* SceneDelegate.swift */; };
		AD6503682740573B0001AA83 /* Main.storyboard in Resources */ = {isa = PBXBuildFile; fileRef = AD6503662740573B0001AA83 /* Main.storyboard */; };
		AD65036A2740573D0001AA83 /* Assets.xcassets in Resources */ = {isa = PBXBuildFile; fileRef = AD6503692740573D0001AA83 /* Assets.xcassets */; };
		AD65036D2740573D0001AA83 /* LaunchScreen.storyboard in Resources */ = {isa = PBXBuildFile; fileRef = AD65036B2740573D0001AA83 /* LaunchScreen.storyboard */; };
		AD6503782740573D0001AA83 /* WifiFinderTests.swift in Sources */ = {isa = PBXBuildFile; fileRef = AD6503772740573D0001AA83 /* WifiFinderTests.swift */; };
		AD6503822740573D0001AA83 /* WifiFinderUITests.swift in Sources */ = {isa = PBXBuildFile; fileRef = AD6503812740573D0001AA83 /* WifiFinderUITests.swift */; };
		AD6503842740573D0001AA83 /* WifiFinderUITestsLaunchTests.swift in Sources */ = {isa = PBXBuildFile; fileRef = AD6503832740573D0001AA83 /* WifiFinderUITestsLaunchTests.swift */; };
		AD6503932740617C0001AA83 /* DisplayViewController.swift in Sources */ = {isa = PBXBuildFile; fileRef = AD6503922740617B0001AA83 /* DisplayViewController.swift */; };
		AD6503952740650C0001AA83 /* WifiCellTableViewCell.swift in Sources */ = {isa = PBXBuildFile; fileRef = AD6503942740650C0001AA83 /* WifiCellTableViewCell.swift */; };
/* End PBXBuildFile section */

/* Begin PBXContainerItemProxy section */
		AD6503742740573D0001AA83 /* PBXContainerItemProxy */ = {
			isa = PBXContainerItemProxy;
			containerPortal = AD6503552740573B0001AA83 /* Project object */;
			proxyType = 1;
			remoteGlobalIDString = AD65035C2740573B0001AA83;
			remoteInfo = WifiFinder;
		};
		AD65037E2740573D0001AA83 /* PBXContainerItemProxy */ = {
			isa = PBXContainerItemProxy;
			containerPortal = AD6503552740573B0001AA83 /* Project object */;
			proxyType = 1;
			remoteGlobalIDString = AD65035C2740573B0001AA83;
			remoteInfo = WifiFinder;
		};
/* End PBXContainerItemProxy section */

/* Begin PBXFileReference section */
		AD65035D2740573B0001AA83 /* WifiFinder.app */ = {isa = PBXFileReference; explicitFileType = wrapper.application; includeInIndex = 0; path = WifiFinder.app; sourceTree = BUILT_PRODUCTS_DIR; };
		AD6503602740573B0001AA83 /* AppDelegate.swift */ = {isa = PBXFileReference; lastKnownFileType = sourcecode.swift; path = AppDelegate.swift; sourceTree = "<group>"; };
		AD6503622740573B0001AA83 /* SceneDelegate.swift */ = {isa = PBXFileReference; lastKnownFileType = sourcecode.swift; path = SceneDelegate.swift; sourceTree = "<group>"; };
		AD6503672740573B0001AA83 /* Base */ = {isa = PBXFileReference; lastKnownFileType = file.storyboard; name = Base; path = Base.lproj/Main.storyboard; sourceTree = "<group>"; };
		AD6503692740573D0001AA83 /* Assets.xcassets */ = {isa = PBXFileReference; lastKnownFileType = folder.assetcatalog; path = Assets.xcassets; sourceTree = "<group>"; };
		AD65036C2740573D0001AA83 /* Base */ = {isa = PBXFileReference; lastKnownFileType = file.storyboard; name = Base; path = Base.lproj/LaunchScreen.storyboard; sourceTree = "<group>"; };
		AD65036E2740573D0001AA83 /* Info.plist */ = {isa = PBXFileReference; lastKnownFileType = text.plist.xml; path = Info.plist; sourceTree = "<group>"; };
		AD6503732740573D0001AA83 /* WifiFinderTests.xctest */ = {isa = PBXFileReference; explicitFileType = wrapper.cfbundle; includeInIndex = 0; path = WifiFinderTests.xctest; sourceTree = BUILT_PRODUCTS_DIR; };
		AD6503772740573D0001AA83 /* WifiFinderTests.swift */ = {isa = PBXFileReference; lastKnownFileType = sourcecode.swift; path = WifiFinderTests.swift; sourceTree = "<group>"; };
		AD65037D2740573D0001AA83 /* WifiFinderUITests.xctest */ = {isa = PBXFileReference; explicitFileType = wrapper.cfbundle; includeInIndex = 0; path = WifiFinderUITests.xctest; sourceTree = BUILT_PRODUCTS_DIR; };
		AD6503812740573D0001AA83 /* WifiFinderUITests.swift */ = {isa = PBXFileReference; lastKnownFileType = sourcecode.swift; path = WifiFinderUITests.swift; sourceTree = "<group>"; };
		AD6503832740573D0001AA83 /* WifiFinderUITestsLaunchTests.swift */ = {isa = PBXFileReference; lastKnownFileType = sourcecode.swift; path = WifiFinderUITestsLaunchTests.swift; sourceTree = "<group>"; };
		AD6503922740617B0001AA83 /* DisplayViewController.swift */ = {isa = PBXFileReference; lastKnownFileType = sourcecode.swift; path = DisplayViewController.swift; sourceTree = "<group>"; };
		AD6503942740650C0001AA83 /* WifiCellTableViewCell.swift */ = {isa = PBXFileReference; lastKnownFileType = sourcecode.swift; path = WifiCellTableViewCell.swift; sourceTree = "<group>"; };
/* End PBXFileReference section */

/* Begin PBXFrameworksBuildPhase section */
		AD65035A2740573B0001AA83 /* Frameworks */ = {
			isa = PBXFrameworksBuildPhase;
			buildActionMask = 2147483647;
			files = (
			);
			runOnlyForDeploymentPostprocessing = 0;
		};
		AD6503702740573D0001AA83 /* Frameworks */ = {
			isa = PBXFrameworksBuildPhase;
			buildActionMask = 2147483647;
			files = (
			);
			runOnlyForDeploymentPostprocessing = 0;
		};
		AD65037A2740573D0001AA83 /* Frameworks */ = {
			isa = PBXFrameworksBuildPhase;
			buildActionMask = 2147483647;
			files = (
			);
			runOnlyForDeploymentPostprocessing = 0;
		};
/* End PBXFrameworksBuildPhase section */

/* Begin PBXGroup section */
		AD6503542740573B0001AA83 = {
			isa = PBXGroup;
			children = (
				AD65035F2740573B0001AA83 /* WifiFinder */,
				AD6503762740573D0001AA83 /* WifiFinderTests */,
				AD6503802740573D0001AA83 /* WifiFinderUITests */,
				AD65035E2740573B0001AA83 /* Products */,
			);
			sourceTree = "<group>";
		};
		AD65035E2740573B0001AA83 /* Products */ = {
			isa = PBXGroup;
			children = (
				AD65035D2740573B0001AA83 /* WifiFinder.app */,
				AD6503732740573D0001AA83 /* WifiFinderTests.xctest */,
				AD65037D2740573D0001AA83 /* WifiFinderUITests.xctest */,
			);
			name = Products;
			sourceTree = "<group>";
		};
		AD65035F2740573B0001AA83 /* WifiFinder */ = {
			isa = PBXGroup;
			children = (
				AD6503602740573B0001AA83 /* AppDelegate.swift */,
				AD6503622740573B0001AA83 /* SceneDelegate.swift */,
				AD6503662740573B0001AA83 /* Main.storyboard */,
				AD6503692740573D0001AA83 /* Assets.xcassets */,
				AD65036B2740573D0001AA83 /* LaunchScreen.storyboard */,
				AD65036E2740573D0001AA83 /* Info.plist */,
				AD6503922740617B0001AA83 /* DisplayViewController.swift */,
				AD6503942740650C0001AA83 /* WifiCellTableViewCell.swift */,
			);
			path = WifiFinder;
			sourceTree = "<group>";
		};
		AD6503762740573D0001AA83 /* WifiFinderTests */ = {
			isa = PBXGroup;
			children = (
				AD6503772740573D0001AA83 /* WifiFinderTests.swift */,
			);
			path = WifiFinderTests;
			sourceTree = "<group>";
		};
		AD6503802740573D0001AA83 /* WifiFinderUITests */ = {
			isa = PBXGroup;
			children = (
				AD6503812740573D0001AA83 /* WifiFinderUITests.swift */,
				AD6503832740573D0001AA83 /* WifiFinderUITestsLaunchTests.swift */,
			);
			path = WifiFinderUITests;
			sourceTree = "<group>";
		};
/* End PBXGroup section */

/* Begin PBXNativeTarget section */
		AD65035C2740573B0001AA83 /* WifiFinder */ = {
			isa = PBXNativeTarget;
			buildConfigurationList = AD6503872740573D0001AA83 /* Build configuration list for PBXNativeTarget "WifiFinder" */;
			buildPhases = (
				AD6503592740573B0001AA83 /* Sources */,
				AD65035A2740573B0001AA83 /* Frameworks */,
				AD65035B2740573B0001AA83 /* Resources */,
			);
			buildRules = (
			);
			dependencies = (
			);
			name = WifiFinder;
			productName = WifiFinder;
			productReference = AD65035D2740573B0001AA83 /* WifiFinder.app */;
			productType = "com.apple.product-type.application";
		};
		AD6503722740573D0001AA83 /* WifiFinderTests */ = {
			isa = PBXNativeTarget;
			buildConfigurationList = AD65038A2740573D0001AA83 /* Build configuration list for PBXNativeTarget "WifiFinderTests" */;
			buildPhases = (
				AD65036F2740573D0001AA83 /* Sources */,
				AD6503702740573D0001AA83 /* Frameworks */,
				AD6503712740573D0001AA83 /* Resources */,
			);
			buildRules = (
			);
			dependencies = (
				AD6503752740573D0001AA83 /* PBXTargetDependency */,
			);
			name = WifiFinderTests;
			productName = WifiFinderTests;
			productReference = AD6503732740573D0001AA83 /* WifiFinderTests.xctest */;
			productType = "com.apple.product-type.bundle.unit-test";
		};
		AD65037C2740573D0001AA83 /* WifiFinderUITests */ = {
			isa = PBXNativeTarget;
			buildConfigurationList = AD65038D2740573D0001AA83 /* Build configuration list for PBXNativeTarget "WifiFinderUITests" */;
			buildPhases = (
				AD6503792740573D0001AA83 /* Sources */,
				AD65037A2740573D0001AA83 /* Frameworks */,
				AD65037B2740573D0001AA83 /* Resources */,
			);
			buildRules = (
			);
			dependencies = (
				AD65037F2740573D0001AA83 /* PBXTargetDependency */,
			);
			name = WifiFinderUITests;
			productName = WifiFinderUITests;
			productReference = AD65037D2740573D0001AA83 /* WifiFinderUITests.xctest */;
			productType = "com.apple.product-type.bundle.ui-testing";
		};
/* End PBXNativeTarget section */

/* Begin PBXProject section */
		AD6503552740573B0001AA83 /* Project object */ = {
			isa = PBXProject;
			attributes = {
				BuildIndependentTargetsInParallel = 1;
				LastSwiftUpdateCheck = 1310;
				LastUpgradeCheck = 1310;
				TargetAttributes = {
					AD65035C2740573B0001AA83 = {
						CreatedOnToolsVersion = 13.1;
					};
					AD6503722740573D0001AA83 = {
						CreatedOnToolsVersion = 13.1;
						TestTargetID = AD65035C2740573B0001AA83;
					};
					AD65037C2740573D0001AA83 = {
						CreatedOnToolsVersion = 13.1;
						TestTargetID = AD65035C2740573B0001AA83;
					};
				};
			};
			buildConfigurationList = AD6503582740573B0001AA83 /* Build configuration list for PBXProject "WifiFinder" */;
			compatibilityVersion = "Xcode 13.0";
			developmentRegion = en;
			hasScannedForEncodings = 0;
			knownRegions = (
				en,
				Base,
			);
			mainGroup = AD6503542740573B0001AA83;
			productRefGroup = AD65035E2740573B0001AA83 /* Products */;
			projectDirPath = "";
			projectRoot = "";
			targets = (
				AD65035C2740573B0001AA83 /* WifiFinder */,
				AD6503722740573D0001AA83 /* WifiFinderTests */,
				AD65037C2740573D0001AA83 /* WifiFinderUITests */,
			);
		};
/* End PBXProject section */

/* Begin PBXResourcesBuildPhase section */
		AD65035B2740573B0001AA83 /* Resources */ = {
			isa = PBXResourcesBuildPhase;
			buildActionMask = 2147483647;
			files = (
				AD65036D2740573D0001AA83 /* LaunchScreen.storyboard in Resources */,
				AD65036A2740573D0001AA83 /* Assets.xcassets in Resources */,
				AD6503682740573B0001AA83 /* Main.storyboard in Resources */,
			);
			runOnlyForDeploymentPostprocessing = 0;
		};
		AD6503712740573D0001AA83 /* Resources */ = {
			isa = PBXResourcesBuildPhase;
			buildActionMask = 2147483647;
			files = (
			);
			runOnlyForDeploymentPostprocessing = 0;
		};
		AD65037B2740573D0001AA83 /* Resources */ = {
			isa = PBXResourcesBuildPhase;
			buildActionMask = 2147483647;
			files = (
			);
			runOnlyForDeploymentPostprocessing = 0;
		};
/* End PBXResourcesBuildPhase section */

/* Begin PBXSourcesBuildPhase section */
		AD6503592740573B0001AA83 /* Sources */ = {
			isa = PBXSourcesBuildPhase;
			buildActionMask = 2147483647;
			files = (
				AD6503952740650C0001AA83 /* WifiCellTableViewCell.swift in Sources */,
				AD6503612740573B0001AA83 /* AppDelegate.swift in Sources */,
				AD6503932740617C0001AA83 /* DisplayViewController.swift in Sources */,
				AD6503632740573B0001AA83 /* SceneDelegate.swift in Sources */,
			);
			runOnlyForDeploymentPostprocessing = 0;
		};
		AD65036F2740573D0001AA83 /* Sources */ = {
			isa = PBXSourcesBuildPhase;
			buildActionMask = 2147483647;
			files = (
				AD6503782740573D0001AA83 /* WifiFinderTests.swift in Sources */,
			);
			runOnlyForDeploymentPostprocessing = 0;
		};
		AD6503792740573D0001AA83 /* Sources */ = {
			isa = PBXSourcesBuildPhase;
			buildActionMask = 2147483647;
			files = (
				AD6503822740573D0001AA83 /* WifiFinderUITests.swift in Sources */,
				AD6503842740573D0001AA83 /* WifiFinderUITestsLaunchTests.swift in Sources */,
			);
			runOnlyForDeploymentPostprocessing = 0;
		};
/* End PBXSourcesBuildPhase section */

/* Begin PBXTargetDependency section */
		AD6503752740573D0001AA83 /* PBXTargetDependency */ = {
			isa = PBXTargetDependency;
			target = AD65035C2740573B0001AA83 /* WifiFinder */;
			targetProxy = AD6503742740573D0001AA83 /* PBXContainerItemProxy */;
		};
		AD65037F2740573D0001AA83 /* PBXTargetDependency */ = {
			isa = PBXTargetDependency;
			target = AD65035C2740573B0001AA83 /* WifiFinder */;
			targetProxy = AD65037E2740573D0001AA83 /* PBXContainerItemProxy */;
		};
/* End PBXTargetDependency section */

/* Begin PBXVariantGroup section */
		AD6503662740573B0001AA83 /* Main.storyboard */ = {
			isa = PBXVariantGroup;
			children = (
				AD6503672740573B0001AA83 /* Base */,
			);
			name = Main.storyboard;
			sourceTree = "<group>";
		};
		AD65036B2740573D0001AA83 /* LaunchScreen.storyboard */ = {
			isa = PBXVariantGroup;
			children = (
				AD65036C2740573D0001AA83 /* Base */,
			);
			name = LaunchScreen.storyboard;
			sourceTree = "<group>";
		};
/* End PBXVariantGroup section */

/* Begin XCBuildConfiguration section */
		AD6503852740573D0001AA83 /* Debug */ = {
			isa = XCBuildConfiguration;
			buildSettings = {
				ALWAYS_SEARCH_USER_PATHS = NO;
				CLANG_ANALYZER_NONNULL = YES;
				CLANG_ANALYZER_NUMBER_OBJECT_CONVERSION = YES_AGGRESSIVE;
				CLANG_CXX_LANGUAGE_STANDARD = "gnu++17";
				CLANG_CXX_LIBRARY = "libc++";
				CLANG_ENABLE_MODULES = YES;
				CLANG_ENABLE_OBJC_ARC = YES;
				CLANG_ENABLE_OBJC_WEAK = YES;
				CLANG_WARN_BLOCK_CAPTURE_AUTORELEASING = YES;
				CLANG_WARN_BOOL_CONVERSION = YES;
				CLANG_WARN_COMMA = YES;
				CLANG_WARN_CONSTANT_CONVERSION = YES;
				CLANG_WARN_DEPRECATED_OBJC_IMPLEMENTATIONS = YES;
				CLANG_WARN_DIRECT_OBJC_ISA_USAGE = YES_ERROR;
				CLANG_WARN_DOCUMENTATION_COMMENTS = YES;
				CLANG_WARN_EMPTY_BODY = YES;
				CLANG_WARN_ENUM_CONVERSION = YES;
				CLANG_WARN_INFINITE_RECURSION = YES;
				CLANG_WARN_INT_CONVERSION = YES;
				CLANG_WARN_NON_LITERAL_NULL_CONVERSION = YES;
				CLANG_WARN_OBJC_IMPLICIT_RETAIN_SELF = YES;
				CLANG_WARN_OBJC_LITERAL_CONVERSION = YES;
				CLANG_WARN_OBJC_ROOT_CLASS = YES_ERROR;
				CLANG_WARN_QUOTED_INCLUDE_IN_FRAMEWORK_HEADER = YES;
				CLANG_WARN_RANGE_LOOP_ANALYSIS = YES;
				CLANG_WARN_STRICT_PROTOTYPES = YES;
				CLANG_WARN_SUSPICIOUS_MOVE = YES;
				CLANG_WARN_UNGUARDED_AVAILABILITY = YES_AGGRESSIVE;
				CLANG_WARN_UNREACHABLE_CODE = YES;
				CLANG_WARN__DUPLICATE_METHOD_MATCH = YES;
				COPY_PHASE_STRIP = NO;
				DEBUG_INFORMATION_FORMAT = dwarf;
				ENABLE_STRICT_OBJC_MSGSEND = YES;
				ENABLE_TESTABILITY = YES;
				GCC_C_LANGUAGE_STANDARD = gnu11;
				GCC_DYNAMIC_NO_PIC = NO;
				GCC_NO_COMMON_BLOCKS = YES;
				GCC_OPTIMIZATION_LEVEL = 0;
				GCC_PREPROCESSOR_DEFINITIONS = (
					"DEBUG=1",
					"$(inherited)",
				);
				GCC_WARN_64_TO_32_BIT_CONVERSION = YES;
				GCC_WARN_ABOUT_RETURN_TYPE = YES_ERROR;
				GCC_WARN_UNDECLARED_SELECTOR = YES;
				GCC_WARN_UNINITIALIZED_AUTOS = YES_AGGRESSIVE;
				GCC_WARN_UNUSED_FUNCTION = YES;
				GCC_WARN_UNUSED_VARIABLE = YES;
				IPHONEOS_DEPLOYMENT_TARGET = 15.0;
				MTL_ENABLE_DEBUG_INFO = INCLUDE_SOURCE;
				MTL_FAST_MATH = YES;
				ONLY_ACTIVE_ARCH = YES;
				SDKROOT = iphoneos;
				SWIFT_ACTIVE_COMPILATION_CONDITIONS = DEBUG;
				SWIFT_OPTIMIZATION_LEVEL = "-Onone";
			};
			name = Debug;
		};
		AD6503862740573D0001AA83 /* Release */ = {
			isa = XCBuildConfiguration;
			buildSettings = {
				ALWAYS_SEARCH_USER_PATHS = NO;
				CLANG_ANALYZER_NONNULL = YES;
				CLANG_ANALYZER_NUMBER_OBJECT_CONVERSION = YES_AGGRESSIVE;
				CLANG_CXX_LANGUAGE_STANDARD = "gnu++17";
				CLANG_CXX_LIBRARY = "libc++";
				CLANG_ENABLE_MODULES = YES;
				CLANG_ENABLE_OBJC_ARC = YES;
				CLANG_ENABLE_OBJC_WEAK = YES;
				CLANG_WARN_BLOCK_CAPTURE_AUTORELEASING = YES;
				CLANG_WARN_BOOL_CONVERSION = YES;
				CLANG_WARN_COMMA = YES;
				CLANG_WARN_CONSTANT_CONVERSION = YES;
				CLANG_WARN_DEPRECATED_OBJC_IMPLEMENTATIONS = YES;
				CLANG_WARN_DIRECT_OBJC_ISA_USAGE = YES_ERROR;
				CLANG_WARN_DOCUMENTATION_COMMENTS = YES;
				CLANG_WARN_EMPTY_BODY = YES;
				CLANG_WARN_ENUM_CONVERSION = YES;
				CLANG_WARN_INFINITE_RECURSION = YES;
				CLANG_WARN_INT_CONVERSION = YES;
				CLANG_WARN_NON_LITERAL_NULL_CONVERSION = YES;
				CLANG_WARN_OBJC_IMPLICIT_RETAIN_SELF = YES;
				CLANG_WARN_OBJC_LITERAL_CONVERSION = YES;
				CLANG_WARN_OBJC_ROOT_CLASS = YES_ERROR;
				CLANG_WARN_QUOTED_INCLUDE_IN_FRAMEWORK_HEADER = YES;
				CLANG_WARN_RANGE_LOOP_ANALYSIS = YES;
				CLANG_WARN_STRICT_PROTOTYPES = YES;
				CLANG_WARN_SUSPICIOUS_MOVE = YES;
				CLANG_WARN_UNGUARDED_AVAILABILITY = YES_AGGRESSIVE;
				CLANG_WARN_UNREACHABLE_CODE = YES;
				CLANG_WARN__DUPLICATE_METHOD_MATCH = YES;
				COPY_PHASE_STRIP = NO;
				DEBUG_INFORMATION_FORMAT = "dwarf-with-dsym";
				ENABLE_NS_ASSERTIONS = NO;
				ENABLE_STRICT_OBJC_MSGSEND = YES;
				GCC_C_LANGUAGE_STANDARD = gnu11;
				GCC_NO_COMMON_BLOCKS = YES;
				GCC_WARN_64_TO_32_BIT_CONVERSION = YES;
				GCC_WARN_ABOUT_RETURN_TYPE = YES_ERROR;
				GCC_WARN_UNDECLARED_SELECTOR = YES;
				GCC_WARN_UNINITIALIZED_AUTOS = YES_AGGRESSIVE;
				GCC_WARN_UNUSED_FUNCTION = YES;
				GCC_WARN_UNUSED_VARIABLE = YES;
				IPHONEOS_DEPLOYMENT_TARGET = 15.0;
				MTL_ENABLE_DEBUG_INFO = NO;
				MTL_FAST_MATH = YES;
				SDKROOT = iphoneos;
				SWIFT_COMPILATION_MODE = wholemodule;
				SWIFT_OPTIMIZATION_LEVEL = "-O";
				VALIDATE_PRODUCT = YES;
			};
			name = Release;
		};
		AD6503882740573D0001AA83 /* Debug */ = {
			isa = XCBuildConfiguration;
			buildSettings = {
				ASSETCATALOG_COMPILER_APPICON_NAME = AppIcon;
				ASSETCATALOG_COMPILER_GLOBAL_ACCENT_COLOR_NAME = AccentColor;
				CODE_SIGN_STYLE = Automatic;
				CURRENT_PROJECT_VERSION = 1;
				DEVELOPMENT_TEAM = V6LS94JQJ2;
				GENERATE_INFOPLIST_FILE = YES;
				INFOPLIST_FILE = WifiFinder/Info.plist;
				INFOPLIST_KEY_UIApplicationSupportsIndirectInputEvents = YES;
				INFOPLIST_KEY_UILaunchStoryboardName = LaunchScreen;
				INFOPLIST_KEY_UIMainStoryboardFile = Main;
				INFOPLIST_KEY_UISupportedInterfaceOrientations_iPad = "UIInterfaceOrientationPortrait UIInterfaceOrientationPortraitUpsideDown UIInterfaceOrientationLandscapeLeft UIInterfaceOrientationLandscapeRight";
				INFOPLIST_KEY_UISupportedInterfaceOrientations_iPhone = "UIInterfaceOrientationPortrait UIInterfaceOrientationLandscapeLeft UIInterfaceOrientationLandscapeRight";
				LD_RUNPATH_SEARCH_PATHS = (
					"$(inherited)",
					"@executable_path/Frameworks",
				);
				MARKETING_VERSION = 1.0;
				PRODUCT_BUNDLE_IDENTIFIER = "Nabil1243-outlook.com.WifiFinder";
				PRODUCT_NAME = "$(TARGET_NAME)";
				SWIFT_EMIT_LOC_STRINGS = YES;
				SWIFT_VERSION = 5.0;
				TARGETED_DEVICE_FAMILY = "1,2";
			};
			name = Debug;
		};
		AD6503892740573D0001AA83 /* Release */ = {
			isa = XCBuildConfiguration;
			buildSettings = {
				ASSETCATALOG_COMPILER_APPICON_NAME = AppIcon;
				ASSETCATALOG_COMPILER_GLOBAL_ACCENT_COLOR_NAME = AccentColor;
				CODE_SIGN_STYLE = Automatic;
				CURRENT_PROJECT_VERSION = 1;
				DEVELOPMENT_TEAM = V6LS94JQJ2;
				GENERATE_INFOPLIST_FILE = YES;
				INFOPLIST_FILE = WifiFinder/Info.plist;
				INFOPLIST_KEY_UIApplicationSupportsIndirectInputEvents = YES;
				INFOPLIST_KEY_UILaunchStoryboardName = LaunchScreen;
				INFOPLIST_KEY_UIMainStoryboardFile = Main;
				INFOPLIST_KEY_UISupportedInterfaceOrientations_iPad = "UIInterfaceOrientationPortrait UIInterfaceOrientationPortraitUpsideDown UIInterfaceOrientationLandscapeLeft UIInterfaceOrientationLandscapeRight";
				INFOPLIST_KEY_UISupportedInterfaceOrientations_iPhone = "UIInterfaceOrientationPortrait UIInterfaceOrientationLandscapeLeft UIInterfaceOrientationLandscapeRight";
				LD_RUNPATH_SEARCH_PATHS = (
					"$(inherited)",
					"@executable_path/Frameworks",
				);
				MARKETING_VERSION = 1.0;
				PRODUCT_BUNDLE_IDENTIFIER = "Nabil1243-outlook.com.WifiFinder";
				PRODUCT_NAME = "$(TARGET_NAME)";
				SWIFT_EMIT_LOC_STRINGS = YES;
				SWIFT_VERSION = 5.0;
				TARGETED_DEVICE_FAMILY = "1,2";
			};
			name = Release;
		};
		AD65038B2740573D0001AA83 /* Debug */ = {
			isa = XCBuildConfiguration;
			buildSettings = {
				ALWAYS_EMBED_SWIFT_STANDARD_LIBRARIES = YES;
				BUNDLE_LOADER = "$(TEST_HOST)";
				CODE_SIGN_STYLE = Automatic;
				CURRENT_PROJECT_VERSION = 1;
				DEVELOPMENT_TEAM = V6LS94JQJ2;
				GENERATE_INFOPLIST_FILE = YES;
				IPHONEOS_DEPLOYMENT_TARGET = 15.0;
				LD_RUNPATH_SEARCH_PATHS = (
					"$(inherited)",
					"@executable_path/Frameworks",
					"@loader_path/Frameworks",
				);
				MARKETING_VERSION = 1.0;
				PRODUCT_BUNDLE_IDENTIFIER = "Nabil1243-outlook.com.WifiFinderTests";
				PRODUCT_NAME = "$(TARGET_NAME)";
				SWIFT_EMIT_LOC_STRINGS = NO;
				SWIFT_VERSION = 5.0;
				TARGETED_DEVICE_FAMILY = "1,2";
				TEST_HOST = "$(BUILT_PRODUCTS_DIR)/WifiFinder.app/WifiFinder";
			};
			name = Debug;
		};
		AD65038C2740573D0001AA83 /* Release */ = {
			isa = XCBuildConfiguration;
			buildSettings = {
				ALWAYS_EMBED_SWIFT_STANDARD_LIBRARIES = YES;
				BUNDLE_LOADER = "$(TEST_HOST)";
				CODE_SIGN_STYLE = Automatic;
				CURRENT_PROJECT_VERSION = 1;
				DEVELOPMENT_TEAM = V6LS94JQJ2;
				GENERATE_INFOPLIST_FILE = YES;
				IPHONEOS_DEPLOYMENT_TARGET = 15.0;
				LD_RUNPATH_SEARCH_PATHS = (
					"$(inherited)",
					"@executable_path/Frameworks",
					"@loader_path/Frameworks",
				);
				MARKETING_VERSION = 1.0;
				PRODUCT_BUNDLE_IDENTIFIER = "Nabil1243-outlook.com.WifiFinderTests";
				PRODUCT_NAME = "$(TARGET_NAME)";
				SWIFT_EMIT_LOC_STRINGS = NO;
				SWIFT_VERSION = 5.0;
				TARGETED_DEVICE_FAMILY = "1,2";
				TEST_HOST = "$(BUILT_PRODUCTS_DIR)/WifiFinder.app/WifiFinder";
			};
			name = Release;
		};
		AD65038E2740573D0001AA83 /* Debug */ = {
			isa = XCBuildConfiguration;
			buildSettings = {
				ALWAYS_EMBED_SWIFT_STANDARD_LIBRARIES = YES;
				CODE_SIGN_STYLE = Automatic;
				CURRENT_PROJECT_VERSION = 1;
				DEVELOPMENT_TEAM = V6LS94JQJ2;
				GENERATE_INFOPLIST_FILE = YES;
				LD_RUNPATH_SEARCH_PATHS = (
					"$(inherited)",
					"@executable_path/Frameworks",
					"@loader_path/Frameworks",
				);
				MARKETING_VERSION = 1.0;
				PRODUCT_BUNDLE_IDENTIFIER = "Nabil1243-outlook.com.WifiFinderUITests";
				PRODUCT_NAME = "$(TARGET_NAME)";
				SWIFT_EMIT_LOC_STRINGS = NO;
				SWIFT_VERSION = 5.0;
				TARGETED_DEVICE_FAMILY = "1,2";
				TEST_TARGET_NAME = WifiFinder;
			};
			name = Debug;
		};
		AD65038F2740573D0001AA83 /* Release */ = {
			isa = XCBuildConfiguration;
			buildSettings = {
				ALWAYS_EMBED_SWIFT_STANDARD_LIBRARIES = YES;
				CODE_SIGN_STYLE = Automatic;
				CURRENT_PROJECT_VERSION = 1;
				DEVELOPMENT_TEAM = V6LS94JQJ2;
				GENERATE_INFOPLIST_FILE = YES;
				LD_RUNPATH_SEARCH_PATHS = (
					"$(inherited)",
					"@executable_path/Frameworks",
					"@loader_path/Frameworks",
				);
				MARKETING_VERSION = 1.0;
				PRODUCT_BUNDLE_IDENTIFIER = "Nabil1243-outlook.com.WifiFinderUITests";
				PRODUCT_NAME = "$(TARGET_NAME)";
				SWIFT_EMIT_LOC_STRINGS = NO;
				SWIFT_VERSION = 5.0;
				TARGETED_DEVICE_FAMILY = "1,2";
				TEST_TARGET_NAME = WifiFinder;
			};
			name = Release;
		};
/* End XCBuildConfiguration section */

/* Begin XCConfigurationList section */
		AD6503582740573B0001AA83 /* Build configuration list for PBXProject "WifiFinder" */ = {
			isa = XCConfigurationList;
			buildConfigurations = (
				AD6503852740573D0001AA83 /* Debug */,
				AD6503862740573D0001AA83 /* Release */,
			);
			defaultConfigurationIsVisible = 0;
			defaultConfigurationName = Release;
		};
		AD6503872740573D0001AA83 /* Build configuration list for PBXNativeTarget "WifiFinder" */ = {
			isa = XCConfigurationList;
			buildConfigurations = (
				AD6503882740573D0001AA83 /* Debug */,
				AD6503892740573D0001AA83 /* Release */,
			);
			defaultConfigurationIsVisible = 0;
			defaultConfigurationName = Release;
		};
		AD65038A2740573D0001AA83 /* Build configuration list for PBXNativeTarget "WifiFinderTests" */ = {
			isa = XCConfigurationList;
			buildConfigurations = (
				AD65038B2740573D0001AA83 /* Debug */,
				AD65038C2740573D0001AA83 /* Release */,
			);
			defaultConfigurationIsVisible = 0;
			defaultConfigurationName = Release;
		};
		AD65038D2740573D0001AA83 /* Build configuration list for PBXNativeTarget "WifiFinderUITests" */ = {
			isa = XCConfigurationList;
			buildConfigurations = (
				AD65038E2740573D0001AA83 /* Debug */,
				AD65038F2740573D0001AA83 /* Release */,
			);
			defaultConfigurationIsVisible = 0;
			defaultConfigurationName = Release;
		};
/* End XCConfigurationList section */
	};
	rootObject = AD6503552740573B0001AA83 /* Project object */;
}
